
Microsoft Visual Studio Solution File, Format Version 11.00
# Visual Basic Express 2010
Project("{F184B08F-C81C-45F6-A57F-5ABD9991F28F}") = "CSVWrite", "CSVWrite\CSVWrite.vbproj", "{E73E6579-FC34-423D-9CB2-0EE66DC1BBB9}"
EndProject
Global
	GlobalSection(SolutionConfigurationPlatforms) = preSolution
		Debug|x86 = Debug|x86
		Release|x86 = Release|x86
	EndGlobalSection
	GlobalSection(ProjectConfigurationPlatforms) = postSolution
		{E73E6579-FC34-423D-9CB2-0EE66DC1BBB9}.Debug|x86.ActiveCfg = Debug|x86
		{E73E6579-FC34-423D-9CB2-0EE66DC1BBB9}.Debug|x86.Build.0 = Debug|x86
		{E73E6579-FC34-423D-9CB2-0EE66DC1BBB9}.Release|x86.ActiveCfg = Release|x86
		{E73E6579-FC34-423D-9CB2-0EE66DC1BBB9}.Release|x86.Build.0 = Release|x86
	EndGlobalSection
	GlobalSection(SolutionProperties) = preSolution
		HideSolutionNode = FALSE
	EndGlobalSection
EndGlobal
